
Microsoft Visual Studio Solution File, Format Version 12.00
# Visual Studio Version 17
VisualStudioVersion = 17.4.33110.190
MinimumVisualStudioVersion = 10.0.40219.1
Project("{FAE04EC0-301F-11D3-BF4B-00C04F79EFBC}") = "animals", "animals.csproj", "{0567C65F-F871-4361-9B66-9C8B1028A535}"
EndProject
Global
	GlobalSection(SolutionConfigurationPlatforms) = preSolution
		Debug|Any CPU = Debug|Any CPU
		Release|Any CPU = Release|Any CPU
	EndGlobalSection
	GlobalSection(ProjectConfigurationPlatforms) = postSolution
		{0567C65F-F871-4361-9B66-9C8B1028A535}.Debug|Any CPU.ActiveCfg = Debug|Any CPU
		{0567C65F-F871-4361-9B66-9C8B1028A535}.Debug|Any CPU.Build.0 = Debug|Any CPU
		{0567C65F-F871-4361-9B66-9C8B1028A535}.Release|Any CPU.ActiveCfg = Release|Any CPU
		{0567C65F-F871-4361-9B66-9C8B1028A535}.Release|Any CPU.Build.0 = Release|Any CPU
	EndGlobalSection
	GlobalSection(SolutionProperties) = preSolution
		HideSolutionNode = FALSE
	EndGlobalSection
	GlobalSection(ExtensibilityGlobals) = postSolution
		SolutionGuid = {FBD85909-574E-4902-A388-D5A37E8DD810}
	EndGlobalSection
EndGlobal
